// !$*UTF8*$!
{
	archiveVersion = 1;
	classes = {
	};
	objectVersion = 46;
	objects = {

/* Begin PBXBuildFile section */
		5787FD8078D4AE98893063A7 /* Pods_TodoList.framework in Frameworks */ = {isa = PBXBuildFile; fileRef = E28B47B1EBD235567D5BC1FA /* Pods_TodoList.framework */; };
		ADFFC9341EC6402B004C0F67 /* AppDelegate.swift in Sources */ = {isa = PBXBuildFile; fileRef = ADFFC9331EC6402B004C0F67 /* AppDelegate.swift */; };
		ADFFC9361EC6402B004C0F67 /* ViewController.swift in Sources */ = {isa = PBXBuildFile; fileRef = ADFFC9351EC6402B004C0F67 /* ViewController.swift */; };
		ADFFC9391EC6402B004C0F67 /* Main.storyboard in Resources */ = {isa = PBXBuildFile; fileRef = ADFFC9371EC6402B004C0F67 /* Main.storyboard */; };
		ADFFC93B1EC6402B004C0F67 /* Assets.xcassets in Resources */ = {isa = PBXBuildFile; fileRef = ADFFC93A1EC6402B004C0F67 /* Assets.xcassets */; };
		ADFFC93E1EC6402B004C0F67 /* LaunchScreen.storyboard in Resources */ = {isa = PBXBuildFile; fileRef = ADFFC93C1EC6402B004C0F67 /* LaunchScreen.storyboard */; };
		ADFFC9461EC64056004C0F67 /* CoreDataStack.swift in Sources */ = {isa = PBXBuildFile; fileRef = ADFFC9451EC64056004C0F67 /* CoreDataStack.swift */; };
/* End PBXBuildFile section */

/* Begin PBXFileReference section */
		2A6B2674689DCE50489FF17D /* Pods-TodoList.debug.xcconfig */ = {isa = PBXFileReference; includeInIndex = 1; lastKnownFileType = text.xcconfig; name = "Pods-TodoList.debug.xcconfig"; path = "Pods/Target Support Files/Pods-TodoList/Pods-TodoList.debug.xcconfig"; sourceTree = "<group>"; };
		2C8484190B7CB513B44D5F65 /* Pods-TodoList.release.xcconfig */ = {isa = PBXFileReference; includeInIndex = 1; lastKnownFileType = text.xcconfig; name = "Pods-TodoList.release.xcconfig"; path = "Pods/Target Support Files/Pods-TodoList/Pods-TodoList.release.xcconfig"; sourceTree = "<group>"; };
		ADFFC9301EC6402B004C0F67 /* TodoList.app */ = {isa = PBXFileReference; explicitFileType = wrapper.application; includeInIndex = 0; path = TodoList.app; sourceTree = BUILT_PRODUCTS_DIR; };
		ADFFC9331EC6402B004C0F67 /* AppDelegate.swift */ = {isa = PBXFileReference; lastKnownFileType = sourcecode.swift; path = AppDelegate.swift; sourceTree = "<group>"; };
		ADFFC9351EC6402B004C0F67 /* ViewController.swift */ = {isa = PBXFileReference; lastKnownFileType = sourcecode.swift; path = ViewController.swift; sourceTree = "<group>"; };
		ADFFC9381EC6402B004C0F67 /* Base */ = {isa = PBXFileReference; lastKnownFileType = file.storyboard; name = Base; path = Base.lproj/Main.storyboard; sourceTree = "<group>"; };
		ADFFC93A1EC6402B004C0F67 /* Assets.xcassets */ = {isa = PBXFileReference; lastKnownFileType = folder.assetcatalog; path = Assets.xcassets; sourceTree = "<group>"; };
		ADFFC93D1EC6402B004C0F67 /* Base */ = {isa = PBXFileReference; lastKnownFileType = file.storyboard; name = Base; path = Base.lproj/LaunchScreen.storyboard; sourceTree = "<group>"; };
		ADFFC93F1EC6402B004C0F67 /* Info.plist */ = {isa = PBXFileReference; lastKnownFileType = text.plist.xml; path = Info.plist; sourceTree = "<group>"; };
		ADFFC9451EC64056004C0F67 /* CoreDataStack.swift */ = {isa = PBXFileReference; fileEncoding = 4; lastKnownFileType = sourcecode.swift; path = CoreDataStack.swift; sourceTree = "<group>"; };
		E28B47B1EBD235567D5BC1FA /* Pods_TodoList.framework */ = {isa = PBXFileReference; explicitFileType = wrapper.framework; includeInIndex = 0; path = Pods_TodoList.framework; sourceTree = BUILT_PRODUCTS_DIR; };
/* End PBXFileReference section */

/* Begin PBXFrameworksBuildPhase section */
		ADFFC92D1EC6402B004C0F67 /* Frameworks */ = {
			isa = PBXFrameworksBuildPhase;
			buildActionMask = 2147483647;
			files = (
				5787FD8078D4AE98893063A7 /* Pods_TodoList.framework in Frameworks */,
			);
			runOnlyForDeploymentPostprocessing = 0;
		};
/* End PBXFrameworksBuildPhase section */

/* Begin PBXGroup section */
		46DA9651E2EBE71A89E67EEB /* Pods */ = {
			isa = PBXGroup;
			children = (
				2A6B2674689DCE50489FF17D /* Pods-TodoList.debug.xcconfig */,
				2C8484190B7CB513B44D5F65 /* Pods-TodoList.release.xcconfig */,
			);
			name = Pods;
			sourceTree = "<group>";
		};
		4EE153DA6D8B8A695AE8129C /* Frameworks */ = {
			isa = PBXGroup;
			children = (
				E28B47B1EBD235567D5BC1FA /* Pods_TodoList.framework */,
			);
			name = Frameworks;
			sourceTree = "<group>";
		};
		ADFFC9271EC6402B004C0F67 = {
			isa = PBXGroup;
			children = (
				ADFFC9321EC6402B004C0F67 /* TodoList */,
				ADFFC9311EC6402B004C0F67 /* Products */,
				46DA9651E2EBE71A89E67EEB /* Pods */,
				4EE153DA6D8B8A695AE8129C /* Frameworks */,
			);
			sourceTree = "<group>";
		};
		ADFFC9311EC6402B004C0F67 /* Products */ = {
			isa = PBXGroup;
			children = (
				ADFFC9301EC6402B004C0F67 /* TodoList.app */,
			);
			name = Products;
			sourceTree = "<group>";
		};
		ADFFC9321EC6402B004C0F67 /* TodoList */ = {
			isa = PBXGroup;
			children = (
				ADFFC9331EC6402B004C0F67 /* AppDelegate.swift */,
				ADFFC9351EC6402B004C0F67 /* ViewController.swift */,
				ADFFC9371EC6402B004C0F67 /* Main.storyboard */,
				ADFFC93A1EC6402B004C0F67 /* Assets.xcassets */,
				ADFFC93C1EC6402B004C0F67 /* LaunchScreen.storyboard */,
				ADFFC93F1EC6402B004C0F67 /* Info.plist */,
				ADFFC9451EC64056004C0F67 /* CoreDataStack.swift */,
			);
			path = TodoList;
			sourceTree = "<group>";
		};
/* End PBXGroup section */

/* Begin PBXNativeTarget section */
		ADFFC92F1EC6402B004C0F67 /* TodoList */ = {
			isa = PBXNativeTarget;
			buildConfigurationList = ADFFC9421EC6402B004C0F67 /* Build configuration list for PBXNativeTarget "TodoList" */;
			buildPhases = (
				C101887EA213FD6FCEC790A5 /* [CP] Check Pods Manifest.lock */,
				ADFFC92C1EC6402B004C0F67 /* Sources */,
				ADFFC92D1EC6402B004C0F67 /* Frameworks */,
				ADFFC92E1EC6402B004C0F67 /* Resources */,
				305718FA6BEDCDC22B9599E5 /* [CP] Embed Pods Frameworks */,
				07BDDB7A3D618C137D7184E8 /* [CP] Copy Pods Resources */,
			);
			buildRules = (
			);
			dependencies = (
			);
			name = TodoList;
			productName = TodoList;
			productReference = ADFFC9301EC6402B004C0F67 /* TodoList.app */;
			productType = "com.apple.product-type.application";
		};
/* End PBXNativeTarget section */

/* Begin PBXProject section */
		ADFFC9281EC6402B004C0F67 /* Project object */ = {
			isa = PBXProject;
			attributes = {
				LastSwiftUpdateCheck = 0830;
				LastUpgradeCheck = 0830;
				ORGANIZATIONNAME = "Davide Callegari";
				TargetAttributes = {
					ADFFC92F1EC6402B004C0F67 = {
						CreatedOnToolsVersion = 8.3;
						DevelopmentTeam = 8SAD93VXF8;
						ProvisioningStyle = Automatic;
					};
				};
			};
			buildConfigurationList = ADFFC92B1EC6402B004C0F67 /* Build configuration list for PBXProject "TodoList" */;
			compatibilityVersion = "Xcode 3.2";
			developmentRegion = English;
			hasScannedForEncodings = 0;
			knownRegions = (
				en,
				Base,
			);
			mainGroup = ADFFC9271EC6402B004C0F67;
			productRefGroup = ADFFC9311EC6402B004C0F67 /* Products */;
			projectDirPath = "";
			projectRoot = "";
			targets = (
				ADFFC92F1EC6402B004C0F67 /* TodoList */,
			);
		};
/* End PBXProject section */

/* Begin PBXResourcesBuildPhase section */
		ADFFC92E1EC6402B004C0F67 /* Resources */ = {
			isa = PBXResourcesBuildPhase;
			buildActionMask = 2147483647;
			files = (
				ADFFC93E1EC6402B004C0F67 /* LaunchScreen.storyboard in Resources */,
				ADFFC93B1EC6402B004C0F67 /* Assets.xcassets in Resources */,
				ADFFC9391EC6402B004C0F67 /* Main.storyboard in Resources */,
			);
			runOnlyForDeploymentPostprocessing = 0;
		};
/* End PBXResourcesBuildPhase section */

/* Begin PBXShellScriptBuildPhase section */
		07BDDB7A3D618C137D7184E8 /* [CP] Copy Pods Resources */ = {
			isa = PBXShellScriptBuildPhase;
			buildActionMask = 2147483647;
			files = (
			);
			inputPaths = (
			);
			name = "[CP] Copy Pods Resources";
			outputPaths = (
			);
			runOnlyForDeploymentPostprocessing = 0;
			shellPath = /bin/sh;
			shellScript = "\"${SRCROOT}/Pods/Target Support Files/Pods-TodoList/Pods-TodoList-resources.sh\"\n";
			showEnvVarsInLog = 0;
		};
		305718FA6BEDCDC22B9599E5 /* [CP] Embed Pods Frameworks */ = {
			isa = PBXShellScriptBuildPhase;
			buildActionMask = 2147483647;
			files = (
			);
			inputPaths = (
			);
			name = "[CP] Embed Pods Frameworks";
			outputPaths = (
			);
			runOnlyForDeploymentPostprocessing = 0;
			shellPath = /bin/sh;
			shellScript = "\"${SRCROOT}/Pods/Target Support Files/Pods-TodoList/Pods-TodoList-frameworks.sh\"\n";
			showEnvVarsInLog = 0;
		};
		C101887EA213FD6FCEC790A5 /* [CP] Check Pods Manifest.lock */ = {
			isa = PBXShellScriptBuildPhase;
			buildActionMask = 2147483647;
			files = (
			);
			inputPaths = (
			);
			name = "[CP] Check Pods Manifest.lock";
			outputPaths = (
			);
			runOnlyForDeploymentPostprocessing = 0;
			shellPath = /bin/sh;
			shellScript = "diff \"${PODS_ROOT}/../Podfile.lock\" \"${PODS_ROOT}/Manifest.lock\" > /dev/null\nif [ $? != 0 ] ; then\n    # print error to STDERR\n    echo \"error: The sandbox is not in sync with the Podfile.lock. Run 'pod install' or update your CocoaPods installation.\" >&2\n    exit 1\nfi\n";
			showEnvVarsInLog = 0;
		};
/* End PBXShellScriptBuildPhase section */

/* Begin PBXSourcesBuildPhase section */
		ADFFC92C1EC6402B004C0F67 /* Sources */ = {
			isa = PBXSourcesBuildPhase;
			buildActionMask = 2147483647;
			files = (
				ADFFC9461EC64056004C0F67 /* CoreDataStack.swift in Sources */,
				ADFFC9361EC6402B004C0F67 /* ViewController.swift in Sources */,
				ADFFC9341EC6402B004C0F67 /* AppDelegate.swift in Sources */,
			);
			runOnlyForDeploymentPostprocessing = 0;
		};
/* End PBXSourcesBuildPhase section */

/* Begin PBXVariantGroup section */
		ADFFC9371EC6402B004C0F67 /* Main.storyboard */ = {
			isa = PBXVariantGroup;
			children = (
				ADFFC9381EC6402B004C0F67 /* Base */,
			);
			name = Main.storyboard;
			sourceTree = "<group>";
		};
		ADFFC93C1EC6402B004C0F67 /* LaunchScreen.storyboard */ = {
			isa = PBXVariantGroup;
			children = (
				ADFFC93D1EC6402B004C0F67 /* Base */,
			);
			name = LaunchScreen.storyboard;
			sourceTree = "<group>";
		};
/* End PBXVariantGroup section */

/* Begin XCBuildConfiguration section */
		ADFFC9401EC6402B004C0F67 /* Debug */ = {
			isa = XCBuildConfiguration;
			buildSettings = {
				ALWAYS_SEARCH_USER_PATHS = NO;
				CLANG_ANALYZER_NONNULL = YES;
				CLANG_ANALYZER_NUMBER_OBJECT_CONVERSION = YES_AGGRESSIVE;
				CLANG_CXX_LANGUAGE_STANDARD = "gnu++0x";
				CLANG_CXX_LIBRARY = "libc++";
				CLANG_ENABLE_MODULES = YES;
				CLANG_ENABLE_OBJC_ARC = YES;
				CLANG_WARN_BOOL_CONVERSION = YES;
				CLANG_WARN_CONSTANT_CONVERSION = YES;
				CLANG_WARN_DIRECT_OBJC_ISA_USAGE = YES_ERROR;
				CLANG_WARN_DOCUMENTATION_COMMENTS = YES;
				CLANG_WARN_EMPTY_BODY = YES;
				CLANG_WARN_ENUM_CONVERSION = YES;
				CLANG_WARN_INFINITE_RECURSION = YES;
				CLANG_WARN_INT_CONVERSION = YES;
				CLANG_WARN_OBJC_ROOT_CLASS = YES_ERROR;
				CLANG_WARN_SUSPICIOUS_MOVE = YES;
				CLANG_WARN_UNREACHABLE_CODE = YES;
				CLANG_WARN__DUPLICATE_METHOD_MATCH = YES;
				"CODE_SIGN_IDENTITY[sdk=iphoneos*]" = "iPhone Developer";
				COPY_PHASE_STRIP = NO;
				DEBUG_INFORMATION_FORMAT = dwarf;
				ENABLE_STRICT_OBJC_MSGSEND = YES;
				ENABLE_TESTABILITY = YES;
				GCC_C_LANGUAGE_STANDARD = gnu99;
				GCC_DYNAMIC_NO_PIC = NO;
				GCC_NO_COMMON_BLOCKS = YES;
				GCC_OPTIMIZATION_LEVEL = 0;
				GCC_PREPROCESSOR_DEFINITIONS = (
					"DEBUG=1",
					"$(inherited)",
				);
				GCC_WARN_64_TO_32_BIT_CONVERSION = YES;
				GCC_WARN_ABOUT_RETURN_TYPE = YES_ERROR;
				GCC_WARN_UNDECLARED_SELECTOR = YES;
				GCC_WARN_UNINITIALIZED_AUTOS = YES_AGGRESSIVE;
				GCC_WARN_UNUSED_FUNCTION = YES;
				GCC_WARN_UNUSED_VARIABLE = YES;
				IPHONEOS_DEPLOYMENT_TARGET = 10.3;
				MTL_ENABLE_DEBUG_INFO = YES;
				ONLY_ACTIVE_ARCH = YES;
				SDKROOT = iphoneos;
				SWIFT_ACTIVE_COMPILATION_CONDITIONS = DEBUG;
				SWIFT_OPTIMIZATION_LEVEL = "-Onone";
			};
			name = Debug;
		};
		ADFFC9411EC6402B004C0F67 /* Release */ = {
			isa = XCBuildConfiguration;
			buildSettings = {
				ALWAYS_SEARCH_USER_PATHS = NO;
				CLANG_ANALYZER_NONNULL = YES;
				CLANG_ANALYZER_NUMBER_OBJECT_CONVERSION = YES_AGGRESSIVE;
				CLANG_CXX_LANGUAGE_STANDARD = "gnu++0x";
				CLANG_CXX_LIBRARY = "libc++";
				CLANG_ENABLE_MODULES = YES;
				CLANG_ENABLE_OBJC_ARC = YES;
				CLANG_WARN_BOOL_CONVERSION = YES;
				CLANG_WARN_CONSTANT_CONVERSION = YES;
				CLANG_WARN_DIRECT_OBJC_ISA_USAGE = YES_ERROR;
				CLANG_WARN_DOCUMENTATION_COMMENTS = YES;
				CLANG_WARN_EMPTY_BODY = YES;
				CLANG_WARN_ENUM_CONVERSION = YES;
				CLANG_WARN_INFINITE_RECURSION = YES;
				CLANG_WARN_INT_CONVERSION = YES;
				CLANG_WARN_OBJC_ROOT_CLASS = YES_ERROR;
				CLANG_WARN_SUSPICIOUS_MOVE = YES;
				CLANG_WARN_UNREACHABLE_CODE = YES;
				CLANG_WARN__DUPLICATE_METHOD_MATCH = YES;
				"CODE_SIGN_IDENTITY[sdk=iphoneos*]" = "iPhone Developer";
				COPY_PHASE_STRIP = NO;
				DEBUG_INFORMATION_FORMAT = "dwarf-with-dsym";
				ENABLE_NS_ASSERTIONS = NO;
				ENABLE_STRICT_OBJC_MSGSEND = YES;
				GCC_C_LANGUAGE_STANDARD = gnu99;
				GCC_NO_COMMON_BLOCKS = YES;
				GCC_WARN_64_TO_32_BIT_CONVERSION = YES;
				GCC_WARN_ABOUT_RETURN_TYPE = YES_ERROR;
				GCC_WARN_UNDECLARED_SELECTOR = YES;
				GCC_WARN_UNINITIALIZED_AUTOS = YES_AGGRESSIVE;
				GCC_WARN_UNUSED_FUNCTION = YES;
				GCC_WARN_UNUSED_VARIABLE = YES;
				IPHONEOS_DEPLOYMENT_TARGET = 10.3;
				MTL_ENABLE_DEBUG_INFO = NO;
				SDKROOT = iphoneos;
				SWIFT_OPTIMIZATION_LEVEL = "-Owholemodule";
				VALIDATE_PRODUCT = YES;
			};
			name = Release;
		};
		ADFFC9431EC6402B004C0F67 /* Debug */ = {
			isa = XCBuildConfiguration;
			baseConfigurationReference = 2A6B2674689DCE50489FF17D /* Pods-TodoList.debug.xcconfig */;
			buildSettings = {
				ASSETCATALOG_COMPILER_APPICON_NAME = AppIcon;
				DEVELOPMENT_TEAM = 8SAD93VXF8;
				INFOPLIST_FILE = TodoList/Info.plist;
				LD_RUNPATH_SEARCH_PATHS = "$(inherited) @executable_path/Frameworks";
				PRODUCT_BUNDLE_IDENTIFIER = com.brokenseal.TodoList;
				PRODUCT_NAME = "$(TARGET_NAME)";
				SWIFT_VERSION = 3.0;
			};
			name = Debug;
		};
		ADFFC9441EC6402B004C0F67 /* Release */ = {
			isa = XCBuildConfiguration;
			baseConfigurationReference = 2C8484190B7CB513B44D5F65 /* Pods-TodoList.release.xcconfig */;
			buildSettings = {
				ASSETCATALOG_COMPILER_APPICON_NAME = AppIcon;
				DEVELOPMENT_TEAM = 8SAD93VXF8;
				INFOPLIST_FILE = TodoList/Info.plist;
				LD_RUNPATH_SEARCH_PATHS = "$(inherited) @executable_path/Frameworks";
				PRODUCT_BUNDLE_IDENTIFIER = com.brokenseal.TodoList;
				PRODUCT_NAME = "$(TARGET_NAME)";
				SWIFT_VERSION = 3.0;
			};
			name = Release;
		};
/* End XCBuildConfiguration section */

/* Begin XCConfigurationList section */
		ADFFC92B1EC6402B004C0F67 /* Build configuration list for PBXProject "TodoList" */ = {
			isa = XCConfigurationList;
			buildConfigurations = (
				ADFFC9401EC6402B004C0F67 /* Debug */,
				ADFFC9411EC6402B004C0F67 /* Release */,
			);
			defaultConfigurationIsVisible = 0;
			defaultConfigurationName = Release;
		};
		ADFFC9421EC6402B004C0F67 /* Build configuration list for PBXNativeTarget "TodoList" */ = {
			isa = XCConfigurationList;
			buildConfigurations = (
				ADFFC9431EC6402B004C0F67 /* Debug */,
				ADFFC9441EC6402B004C0F67 /* Release */,
			);
			defaultConfigurationIsVisible = 0;
		};
/* End XCConfigurationList section */
	};
	rootObject = ADFFC9281EC6402B004C0F67 /* Project object */;
}
